// !$*UTF8*$!
{
	archiveVersion = 1;
	classes = {
	};
	objectVersion = 55;
	objects = {

/* Begin PBXBuildFile section */
		14155897283821DB0039181F /* SwiftSyntax in Frameworks */ = {isa = PBXBuildFile; productRef = 14155896283821DB0039181F /* SwiftSyntax */; };
		14155899283821DB0039181F /* SwiftSyntaxBuilder in Frameworks */ = {isa = PBXBuildFile; productRef = 14155898283821DB0039181F /* SwiftSyntaxBuilder */; };
		1415589B283821DB0039181F /* SwiftSyntaxParser in Frameworks */ = {isa = PBXBuildFile; productRef = 1415589A283821DB0039181F /* SwiftSyntaxParser */; };
		1415589E283821F20039181F /* SwiftFormat in Frameworks */ = {isa = PBXBuildFile; productRef = 1415589D283821F20039181F /* SwiftFormat */; };
		141558A0283821F20039181F /* SwiftFormatConfiguration in Frameworks */ = {isa = PBXBuildFile; productRef = 1415589F283821F20039181F /* SwiftFormatConfiguration */; };
		141558A4283824290039181F /* SwiftFormat in Frameworks */ = {isa = PBXBuildFile; productRef = 141558A3283824290039181F /* SwiftFormat */; };
		141558A8283824E80039181F /* SwiftFormatConfiguration in Frameworks */ = {isa = PBXBuildFile; productRef = 141558A7283824E80039181F /* SwiftFormatConfiguration */; };
		770DC617280ED89500FCCCB7 /* main.swift in Sources */ = {isa = PBXBuildFile; fileRef = 770DC616280ED89500FCCCB7 /* main.swift */; };
		77261BF9281989610044BB88 /* libfungen.docc in Sources */ = {isa = PBXBuildFile; fileRef = 77261BF8281989610044BB88 /* libfungen.docc */; };
		77261BFF281989610044BB88 /* libfungen.framework in Frameworks */ = {isa = PBXBuildFile; fileRef = 77261BF5281989610044BB88 /* libfungen.framework */; };
		77261C04281989610044BB88 /* libfungenTests.swift in Sources */ = {isa = PBXBuildFile; fileRef = 77261C03281989610044BB88 /* libfungenTests.swift */; };
		77261C05281989610044BB88 /* libfungen.h in Headers */ = {isa = PBXBuildFile; fileRef = 77261BF7281989610044BB88 /* libfungen.h */; settings = {ATTRIBUTES = (Public, ); }; };
		77261C3928198AAF0044BB88 /* FungenReducer.swift in Sources */ = {isa = PBXBuildFile; fileRef = 776E02652813509D004A4253 /* FungenReducer.swift */; };
		77261C3A28198ABC0044BB88 /* FungenState.swift in Sources */ = {isa = PBXBuildFile; fileRef = 776E0267281350A4004A4253 /* FungenState.swift */; };
		77261C3B28198AC50044BB88 /* ModuleState.swift in Sources */ = {isa = PBXBuildFile; fileRef = 776E02AA28146D04004A4253 /* ModuleState.swift */; };
		77261C3C28198ACB0044BB88 /* StateDefinition.swift in Sources */ = {isa = PBXBuildFile; fileRef = 776E02B72814945B004A4253 /* StateDefinition.swift */; };
		77261C3D28198ACF0044BB88 /* ActionDefinition.swift in Sources */ = {isa = PBXBuildFile; fileRef = 776E02B92814946B004A4253 /* ActionDefinition.swift */; };
		77261C3E28198ADA0044BB88 /* Extensions.swift in Sources */ = {isa = PBXBuildFile; fileRef = 776E01DB2812EE5A004A4253 /* Extensions.swift */; };
		77261C3F28198AE30044BB88 /* FungenAction.swift in Sources */ = {isa = PBXBuildFile; fileRef = 776E0269281350AA004A4253 /* FungenAction.swift */; };
		77261C4028198AEB0044BB88 /* FungenEnvironment.swift in Sources */ = {isa = PBXBuildFile; fileRef = 776E026B281350B1004A4253 /* FungenEnvironment.swift */; };
		77261C4128198AF50044BB88 /* FileGeneration.swift in Sources */ = {isa = PBXBuildFile; fileRef = 776E02AD281488E2004A4253 /* FileGeneration.swift */; };
		77261C4228198AF90044BB88 /* Rendering.swift in Sources */ = {isa = PBXBuildFile; fileRef = 776E02AF28148925004A4253 /* Rendering.swift */; };
		77261C4328198AFF0044BB88 /* DependencyResolution.swift in Sources */ = {isa = PBXBuildFile; fileRef = 776E02B1281489AD004A4253 /* DependencyResolution.swift */; };
		77261C4428198B020044BB88 /* FileLoading.swift in Sources */ = {isa = PBXBuildFile; fileRef = 776E02B3281489D2004A4253 /* FileLoading.swift */; };
		77261C4528198B0E0044BB88 /* FungenLogic.swift in Sources */ = {isa = PBXBuildFile; fileRef = 776E02B5281491D4004A4253 /* FungenLogic.swift */; };
		77261C4628198B240044BB88 /* FungenStateExtension.swift in Sources */ = {isa = PBXBuildFile; fileRef = 776E02A828146CE8004A4253 /* FungenStateExtension.swift */; };
		77261C4728198B2B0044BB88 /* FungenError.swift in Sources */ = {isa = PBXBuildFile; fileRef = 776E02A628146B55004A4253 /* FungenError.swift */; };
		77261C4A28198B4D0044BB88 /* ComposableArchitecture in Frameworks */ = {isa = PBXBuildFile; productRef = 77261C4928198B4D0044BB88 /* ComposableArchitecture */; };
		77261C4C28198B550044BB88 /* Yams in Frameworks */ = {isa = PBXBuildFile; productRef = 77261C4B28198B550044BB88 /* Yams */; };
		77261C4E28198B5B0044BB88 /* Files in Frameworks */ = {isa = PBXBuildFile; productRef = 77261C4D28198B5B0044BB88 /* Files */; };
		77261C5028198B5E0044BB88 /* Stencil in Frameworks */ = {isa = PBXBuildFile; productRef = 77261C4F28198B5E0044BB88 /* Stencil */; };
		77261D112819F2860044BB88 /* app.yaml in Resources */ = {isa = PBXBuildFile; fileRef = 77261CD82819F1850044BB88 /* app.yaml */; };
		77261D122819F2920044BB88 /* courses.yaml in Resources */ = {isa = PBXBuildFile; fileRef = 77261CDA2819F1850044BB88 /* courses.yaml */; };
		77261D132819F2920044BB88 /* lesson.yaml in Resources */ = {isa = PBXBuildFile; fileRef = 77261CD72819F1840044BB88 /* lesson.yaml */; };
		77261D142819F2920044BB88 /* user.yaml in Resources */ = {isa = PBXBuildFile; fileRef = 77261CD52819F1840044BB88 /* user.yaml */; };
		77261D152819F2920044BB88 /* openapi.yaml in Resources */ = {isa = PBXBuildFile; fileRef = 77261CD92819F1850044BB88 /* openapi.yaml */; };
		77261D162819F2920044BB88 /* course.yaml in Resources */ = {isa = PBXBuildFile; fileRef = 77261CDC2819F1850044BB88 /* course.yaml */; };
		77261D172819F2920044BB88 /* registration.yaml in Resources */ = {isa = PBXBuildFile; fileRef = 77261CD62819F1840044BB88 /* registration.yaml */; };
		77261D182819F2920044BB88 /* authentication.yaml in Resources */ = {isa = PBXBuildFile; fileRef = 77261CDB2819F1850044BB88 /* authentication.yaml */; };
		77261D192819F5FC0044BB88 /* AppState.swift.txt in Resources */ = {isa = PBXBuildFile; fileRef = 77261CEE2819F18D0044BB88 /* AppState.swift.txt */; };
		77261D1A2819F5FC0044BB88 /* AppExtension.swift.txt in Resources */ = {isa = PBXBuildFile; fileRef = 77261CEF2819F18D0044BB88 /* AppExtension.swift.txt */; };
		77261D1B2819F5FC0044BB88 /* AppAction.swift.txt in Resources */ = {isa = PBXBuildFile; fileRef = 77261CF02819F18D0044BB88 /* AppAction.swift.txt */; };
		77261D1C2819FF000044BB88 /* RegistrationAction.swift.txt in Resources */ = {isa = PBXBuildFile; fileRef = 77261CE82819F18D0044BB88 /* RegistrationAction.swift.txt */; };
		77261D1D2819FF000044BB88 /* RegistrationState.swift.txt in Resources */ = {isa = PBXBuildFile; fileRef = 77261CE72819F18D0044BB88 /* RegistrationState.swift.txt */; };
		77261D1E2819FF040044BB88 /* CourseExtension.swift.txt in Resources */ = {isa = PBXBuildFile; fileRef = 77261CEA2819F18D0044BB88 /* CourseExtension.swift.txt */; };
		77261D1F2819FF040044BB88 /* CourseAction.swift.txt in Resources */ = {isa = PBXBuildFile; fileRef = 77261CEB2819F18D0044BB88 /* CourseAction.swift.txt */; };
		77261D202819FF040044BB88 /* CourseState.swift.txt in Resources */ = {isa = PBXBuildFile; fileRef = 77261CEC2819F18D0044BB88 /* CourseState.swift.txt */; };
		77261D212819FF0A0044BB88 /* UserState.swift.txt in Resources */ = {isa = PBXBuildFile; fileRef = 77261CF32819F18D0044BB88 /* UserState.swift.txt */; };
		77261D222819FF0A0044BB88 /* UserExtension.swift.txt in Resources */ = {isa = PBXBuildFile; fileRef = 77261CF42819F18D0044BB88 /* UserExtension.swift.txt */; };
		77261D232819FF0A0044BB88 /* UserAction.swift.txt in Resources */ = {isa = PBXBuildFile; fileRef = 77261CF22819F18D0044BB88 /* UserAction.swift.txt */; };
		77261D242819FF0F0044BB88 /* CoursesState.swift.txt in Resources */ = {isa = PBXBuildFile; fileRef = 77261CF62819F18D0044BB88 /* CoursesState.swift.txt */; };
		77261D252819FF0F0044BB88 /* CoursesExtension.swift.txt in Resources */ = {isa = PBXBuildFile; fileRef = 77261CF82819F18D0044BB88 /* CoursesExtension.swift.txt */; };
		77261D262819FF0F0044BB88 /* CoursesAction.swift.txt in Resources */ = {isa = PBXBuildFile; fileRef = 77261CF72819F18D0044BB88 /* CoursesAction.swift.txt */; };
		77261D272819FF130044BB88 /* LessonState.swift.txt in Resources */ = {isa = PBXBuildFile; fileRef = 77261CFA2819F18D0044BB88 /* LessonState.swift.txt */; };
		77261D282819FF130044BB88 /* LessonAction.swift.txt in Resources */ = {isa = PBXBuildFile; fileRef = 77261CFB2819F18D0044BB88 /* LessonAction.swift.txt */; };
		77261D292819FF160044BB88 /* AuthenticationState.swift.txt in Resources */ = {isa = PBXBuildFile; fileRef = 77261CFD2819F18D0044BB88 /* AuthenticationState.swift.txt */; };
		77261D2A2819FF160044BB88 /* AuthenticationAction.swift.txt in Resources */ = {isa = PBXBuildFile; fileRef = 77261CFE2819F18D0044BB88 /* AuthenticationAction.swift.txt */; };
		77261D2F281A023F0044BB88 /* StateTemplate.text in Resources */ = {isa = PBXBuildFile; fileRef = 776E02C02816B273004A4253 /* StateTemplate.text */; };
		77261D30281A023F0044BB88 /* ActionTemplate.text in Resources */ = {isa = PBXBuildFile; fileRef = 776E02BE2816B273004A4253 /* ActionTemplate.text */; };
		77261D31281A023F0044BB88 /* ExtensionTemplate.text in Resources */ = {isa = PBXBuildFile; fileRef = 776E02BF2816B273004A4253 /* ExtensionTemplate.text */; };
		77261D32281A023F0044BB88 /* StateTemplate.text in Resources */ = {isa = PBXBuildFile; fileRef = 776E02C02816B273004A4253 /* StateTemplate.text */; };
		77261D33281A023F0044BB88 /* ActionTemplate.text in Resources */ = {isa = PBXBuildFile; fileRef = 776E02BE2816B273004A4253 /* ActionTemplate.text */; };
		77261D34281A023F0044BB88 /* ExtensionTemplate.text in Resources */ = {isa = PBXBuildFile; fileRef = 776E02BF2816B273004A4253 /* ExtensionTemplate.text */; };
		77261D35281A05FB0044BB88 /* FunGenTemplates.swift in Sources */ = {isa = PBXBuildFile; fileRef = 776E01DD2812EE92004A4253 /* FunGenTemplates.swift */; };
		77261D36281A05FC0044BB88 /* FunGenTemplates.swift in Sources */ = {isa = PBXBuildFile; fileRef = 776E01DD2812EE92004A4253 /* FunGenTemplates.swift */; };
		77261D44281A14020044BB88 /* ArgumentParser in Frameworks */ = {isa = PBXBuildFile; productRef = 77261D43281A14020044BB88 /* ArgumentParser */; };
		77261D45281A145D0044BB88 /* Extensions.swift in Sources */ = {isa = PBXBuildFile; fileRef = 776E01DB2812EE5A004A4253 /* Extensions.swift */; };
		77261D46281A14620044BB88 /* FungenAction.swift in Sources */ = {isa = PBXBuildFile; fileRef = 776E0269281350AA004A4253 /* FungenAction.swift */; };
		77261D47281A14620044BB88 /* FungenEnvironment.swift in Sources */ = {isa = PBXBuildFile; fileRef = 776E026B281350B1004A4253 /* FungenEnvironment.swift */; };
		77261D48281A14620044BB88 /* FungenState.swift in Sources */ = {isa = PBXBuildFile; fileRef = 776E0267281350A4004A4253 /* FungenState.swift */; };
		77261D49281A14620044BB88 /* FungenReducer.swift in Sources */ = {isa = PBXBuildFile; fileRef = 776E02652813509D004A4253 /* FungenReducer.swift */; };
		77261D4A281A14620044BB88 /* ModuleState.swift in Sources */ = {isa = PBXBuildFile; fileRef = 776E02AA28146D04004A4253 /* ModuleState.swift */; };
		77261D4B281A14620044BB88 /* ActionDefinition.swift in Sources */ = {isa = PBXBuildFile; fileRef = 776E02B92814946B004A4253 /* ActionDefinition.swift */; };
		77261D4C281A14620044BB88 /* FungenError.swift in Sources */ = {isa = PBXBuildFile; fileRef = 776E02A628146B55004A4253 /* FungenError.swift */; };
		77261D4D281A14620044BB88 /* FungenStateExtension.swift in Sources */ = {isa = PBXBuildFile; fileRef = 776E02A828146CE8004A4253 /* FungenStateExtension.swift */; };
		77261D4E281A14620044BB88 /* StateDefinition.swift in Sources */ = {isa = PBXBuildFile; fileRef = 776E02B72814945B004A4253 /* StateDefinition.swift */; };
		77261D4F281A14660044BB88 /* DependencyResolution.swift in Sources */ = {isa = PBXBuildFile; fileRef = 776E02B1281489AD004A4253 /* DependencyResolution.swift */; };
		77261D50281A14660044BB88 /* FileGeneration.swift in Sources */ = {isa = PBXBuildFile; fileRef = 776E02AD281488E2004A4253 /* FileGeneration.swift */; };
		77261D51281A14660044BB88 /* FungenLogic.swift in Sources */ = {isa = PBXBuildFile; fileRef = 776E02B5281491D4004A4253 /* FungenLogic.swift */; };
		77261D52281A14660044BB88 /* FileLoading.swift in Sources */ = {isa = PBXBuildFile; fileRef = 776E02B3281489D2004A4253 /* FileLoading.swift */; };
		77261D53281A14660044BB88 /* Rendering.swift in Sources */ = {isa = PBXBuildFile; fileRef = 776E02AF28148925004A4253 /* Rendering.swift */; };
		77261D54281A146F0044BB88 /* FunGenTemplates.swift in Sources */ = {isa = PBXBuildFile; fileRef = 776E01DD2812EE92004A4253 /* FunGenTemplates.swift */; };
		77261D56281A14C80044BB88 /* ComposableArchitecture in Frameworks */ = {isa = PBXBuildFile; productRef = 77261D55281A14C80044BB88 /* ComposableArchitecture */; };
		77261D58281A14D30044BB88 /* Yams in Frameworks */ = {isa = PBXBuildFile; productRef = 77261D57281A14D30044BB88 /* Yams */; };
		77261D5A281A14DC0044BB88 /* Files in Frameworks */ = {isa = PBXBuildFile; productRef = 77261D59281A14DC0044BB88 /* Files */; };
		77261D5C281A14E40044BB88 /* Stencil in Frameworks */ = {isa = PBXBuildFile; productRef = 77261D5B281A14E40044BB88 /* Stencil */; };
		776E027328145C35004A4253 /* DefaultCommand.swift in Sources */ = {isa = PBXBuildFile; fileRef = 776E027228145C35004A4253 /* DefaultCommand.swift */; };
		776E027528145C92004A4253 /* GenerateCommand.swift in Sources */ = {isa = PBXBuildFile; fileRef = 776E027428145C92004A4253 /* GenerateCommand.swift */; };
/* End PBXBuildFile section */

/* Begin PBXContainerItemProxy section */
		77261C00281989610044BB88 /* PBXContainerItemProxy */ = {
			isa = PBXContainerItemProxy;
			containerPortal = 770DC60B280ED89500FCCCB7 /* Project object */;
			proxyType = 1;
			remoteGlobalIDString = 77261BF4281989610044BB88;
			remoteInfo = libfungen;
		};
/* End PBXContainerItemProxy section */

/* Begin PBXCopyFilesBuildPhase section */
		770DC611280ED89500FCCCB7 /* CopyFiles */ = {
			isa = PBXCopyFilesBuildPhase;
			buildActionMask = 2147483647;
			dstPath = /usr/share/man/man1;
			dstSubfolderSpec = 0;
			files = (
			);
			runOnlyForDeploymentPostprocessing = 1;
		};
/* End PBXCopyFilesBuildPhase section */

/* Begin PBXFileReference section */
		770DC613280ED89500FCCCB7 /* fungen */ = {isa = PBXFileReference; explicitFileType = "compiled.mach-o.executable"; includeInIndex = 0; path = fungen; sourceTree = BUILT_PRODUCTS_DIR; };
		770DC616280ED89500FCCCB7 /* main.swift */ = {isa = PBXFileReference; lastKnownFileType = sourcecode.swift; path = main.swift; sourceTree = "<group>"; };
		77261BF5281989610044BB88 /* libfungen.framework */ = {isa = PBXFileReference; explicitFileType = wrapper.framework; includeInIndex = 0; path = libfungen.framework; sourceTree = BUILT_PRODUCTS_DIR; };
		77261BF7281989610044BB88 /* libfungen.h */ = {isa = PBXFileReference; lastKnownFileType = sourcecode.c.h; path = libfungen.h; sourceTree = "<group>"; };
		77261BF8281989610044BB88 /* libfungen.docc */ = {isa = PBXFileReference; lastKnownFileType = folder.documentationcatalog; path = libfungen.docc; sourceTree = "<group>"; };
		77261BFE281989610044BB88 /* libfungenTests.xctest */ = {isa = PBXFileReference; explicitFileType = wrapper.cfbundle; includeInIndex = 0; path = libfungenTests.xctest; sourceTree = BUILT_PRODUCTS_DIR; };
		77261C03281989610044BB88 /* libfungenTests.swift */ = {isa = PBXFileReference; lastKnownFileType = sourcecode.swift; path = libfungenTests.swift; sourceTree = "<group>"; };
		77261CD52819F1840044BB88 /* user.yaml */ = {isa = PBXFileReference; fileEncoding = 4; lastKnownFileType = text.yaml; path = user.yaml; sourceTree = "<group>"; };
		77261CD62819F1840044BB88 /* registration.yaml */ = {isa = PBXFileReference; fileEncoding = 4; lastKnownFileType = text.yaml; path = registration.yaml; sourceTree = "<group>"; };
		77261CD72819F1840044BB88 /* lesson.yaml */ = {isa = PBXFileReference; fileEncoding = 4; lastKnownFileType = text.yaml; path = lesson.yaml; sourceTree = "<group>"; };
		77261CD82819F1850044BB88 /* app.yaml */ = {isa = PBXFileReference; fileEncoding = 4; lastKnownFileType = text.yaml; path = app.yaml; sourceTree = "<group>"; };
		77261CD92819F1850044BB88 /* openapi.yaml */ = {isa = PBXFileReference; fileEncoding = 4; lastKnownFileType = text.yaml; path = openapi.yaml; sourceTree = "<group>"; };
		77261CDA2819F1850044BB88 /* courses.yaml */ = {isa = PBXFileReference; fileEncoding = 4; lastKnownFileType = text.yaml; path = courses.yaml; sourceTree = "<group>"; };
		77261CDB2819F1850044BB88 /* authentication.yaml */ = {isa = PBXFileReference; fileEncoding = 4; lastKnownFileType = text.yaml; path = authentication.yaml; sourceTree = "<group>"; };
		77261CDC2819F1850044BB88 /* course.yaml */ = {isa = PBXFileReference; fileEncoding = 4; lastKnownFileType = text.yaml; path = course.yaml; sourceTree = "<group>"; };
		77261CE72819F18D0044BB88 /* RegistrationState.swift.txt */ = {isa = PBXFileReference; fileEncoding = 4; lastKnownFileType = text; path = RegistrationState.swift.txt; sourceTree = "<group>"; };
		77261CE82819F18D0044BB88 /* RegistrationAction.swift.txt */ = {isa = PBXFileReference; fileEncoding = 4; lastKnownFileType = text; path = RegistrationAction.swift.txt; sourceTree = "<group>"; };
		77261CEA2819F18D0044BB88 /* CourseExtension.swift.txt */ = {isa = PBXFileReference; fileEncoding = 4; lastKnownFileType = text; path = CourseExtension.swift.txt; sourceTree = "<group>"; };
		77261CEB2819F18D0044BB88 /* CourseAction.swift.txt */ = {isa = PBXFileReference; fileEncoding = 4; lastKnownFileType = text; path = CourseAction.swift.txt; sourceTree = "<group>"; };
		77261CEC2819F18D0044BB88 /* CourseState.swift.txt */ = {isa = PBXFileReference; fileEncoding = 4; lastKnownFileType = text; path = CourseState.swift.txt; sourceTree = "<group>"; };
		77261CEE2819F18D0044BB88 /* AppState.swift.txt */ = {isa = PBXFileReference; fileEncoding = 4; lastKnownFileType = text; lineEnding = 0; path = AppState.swift.txt; sourceTree = "<group>"; };
		77261CEF2819F18D0044BB88 /* AppExtension.swift.txt */ = {isa = PBXFileReference; fileEncoding = 4; lastKnownFileType = text; lineEnding = 0; path = AppExtension.swift.txt; sourceTree = "<group>"; };
		77261CF02819F18D0044BB88 /* AppAction.swift.txt */ = {isa = PBXFileReference; fileEncoding = 4; lastKnownFileType = text; lineEnding = 0; path = AppAction.swift.txt; sourceTree = "<group>"; };
		77261CF22819F18D0044BB88 /* UserAction.swift.txt */ = {isa = PBXFileReference; fileEncoding = 4; lastKnownFileType = text; path = UserAction.swift.txt; sourceTree = "<group>"; };
		77261CF32819F18D0044BB88 /* UserState.swift.txt */ = {isa = PBXFileReference; fileEncoding = 4; lastKnownFileType = text; path = UserState.swift.txt; sourceTree = "<group>"; };
		77261CF42819F18D0044BB88 /* UserExtension.swift.txt */ = {isa = PBXFileReference; fileEncoding = 4; lastKnownFileType = text; path = UserExtension.swift.txt; sourceTree = "<group>"; };
		77261CF62819F18D0044BB88 /* CoursesState.swift.txt */ = {isa = PBXFileReference; fileEncoding = 4; lastKnownFileType = text; path = CoursesState.swift.txt; sourceTree = "<group>"; };
		77261CF72819F18D0044BB88 /* CoursesAction.swift.txt */ = {isa = PBXFileReference; fileEncoding = 4; lastKnownFileType = text; path = CoursesAction.swift.txt; sourceTree = "<group>"; };
		77261CF82819F18D0044BB88 /* CoursesExtension.swift.txt */ = {isa = PBXFileReference; fileEncoding = 4; lastKnownFileType = text; path = CoursesExtension.swift.txt; sourceTree = "<group>"; };
		77261CFA2819F18D0044BB88 /* LessonState.swift.txt */ = {isa = PBXFileReference; fileEncoding = 4; lastKnownFileType = text; path = LessonState.swift.txt; sourceTree = "<group>"; };
		77261CFB2819F18D0044BB88 /* LessonAction.swift.txt */ = {isa = PBXFileReference; fileEncoding = 4; lastKnownFileType = text; path = LessonAction.swift.txt; sourceTree = "<group>"; };
		77261CFD2819F18D0044BB88 /* AuthenticationState.swift.txt */ = {isa = PBXFileReference; fileEncoding = 4; lastKnownFileType = text; path = AuthenticationState.swift.txt; sourceTree = "<group>"; };
		77261CFE2819F18D0044BB88 /* AuthenticationAction.swift.txt */ = {isa = PBXFileReference; fileEncoding = 4; lastKnownFileType = text; path = AuthenticationAction.swift.txt; sourceTree = "<group>"; };
		776E01DB2812EE5A004A4253 /* Extensions.swift */ = {isa = PBXFileReference; lastKnownFileType = sourcecode.swift; path = Extensions.swift; sourceTree = "<group>"; };
		776E01DD2812EE92004A4253 /* FunGenTemplates.swift */ = {isa = PBXFileReference; lastKnownFileType = sourcecode.swift; path = FunGenTemplates.swift; sourceTree = "<group>"; };
		776E02652813509D004A4253 /* FungenReducer.swift */ = {isa = PBXFileReference; lastKnownFileType = sourcecode.swift; path = FungenReducer.swift; sourceTree = "<group>"; };
		776E0267281350A4004A4253 /* FungenState.swift */ = {isa = PBXFileReference; lastKnownFileType = sourcecode.swift; path = FungenState.swift; sourceTree = "<group>"; };
		776E0269281350AA004A4253 /* FungenAction.swift */ = {isa = PBXFileReference; lastKnownFileType = sourcecode.swift; path = FungenAction.swift; sourceTree = "<group>"; };
		776E026B281350B1004A4253 /* FungenEnvironment.swift */ = {isa = PBXFileReference; lastKnownFileType = sourcecode.swift; path = FungenEnvironment.swift; sourceTree = "<group>"; };
		776E027228145C35004A4253 /* DefaultCommand.swift */ = {isa = PBXFileReference; lastKnownFileType = sourcecode.swift; path = DefaultCommand.swift; sourceTree = "<group>"; };
		776E027428145C92004A4253 /* GenerateCommand.swift */ = {isa = PBXFileReference; lastKnownFileType = sourcecode.swift; path = GenerateCommand.swift; sourceTree = "<group>"; };
		776E02A628146B55004A4253 /* FungenError.swift */ = {isa = PBXFileReference; lastKnownFileType = sourcecode.swift; path = FungenError.swift; sourceTree = "<group>"; };
		776E02A828146CE8004A4253 /* FungenStateExtension.swift */ = {isa = PBXFileReference; lastKnownFileType = sourcecode.swift; path = FungenStateExtension.swift; sourceTree = "<group>"; };
		776E02AA28146D04004A4253 /* ModuleState.swift */ = {isa = PBXFileReference; lastKnownFileType = sourcecode.swift; path = ModuleState.swift; sourceTree = "<group>"; };
		776E02AD281488E2004A4253 /* FileGeneration.swift */ = {isa = PBXFileReference; lastKnownFileType = sourcecode.swift; path = FileGeneration.swift; sourceTree = "<group>"; };
		776E02AF28148925004A4253 /* Rendering.swift */ = {isa = PBXFileReference; lastKnownFileType = sourcecode.swift; path = Rendering.swift; sourceTree = "<group>"; };
		776E02B1281489AD004A4253 /* DependencyResolution.swift */ = {isa = PBXFileReference; lastKnownFileType = sourcecode.swift; path = DependencyResolution.swift; sourceTree = "<group>"; };
		776E02B3281489D2004A4253 /* FileLoading.swift */ = {isa = PBXFileReference; lastKnownFileType = sourcecode.swift; path = FileLoading.swift; sourceTree = "<group>"; };
		776E02B5281491D4004A4253 /* FungenLogic.swift */ = {isa = PBXFileReference; lastKnownFileType = sourcecode.swift; path = FungenLogic.swift; sourceTree = "<group>"; };
		776E02B72814945B004A4253 /* StateDefinition.swift */ = {isa = PBXFileReference; lastKnownFileType = sourcecode.swift; path = StateDefinition.swift; sourceTree = "<group>"; };
		776E02B92814946B004A4253 /* ActionDefinition.swift */ = {isa = PBXFileReference; lastKnownFileType = sourcecode.swift; path = ActionDefinition.swift; sourceTree = "<group>"; };
		776E02BE2816B273004A4253 /* ActionTemplate.text */ = {isa = PBXFileReference; fileEncoding = 4; lastKnownFileType = net.daringfireball.markdown; path = ActionTemplate.text; sourceTree = "<group>"; };
		776E02BF2816B273004A4253 /* ExtensionTemplate.text */ = {isa = PBXFileReference; fileEncoding = 4; lastKnownFileType = net.daringfireball.markdown; path = ExtensionTemplate.text; sourceTree = "<group>"; };
		776E02C02816B273004A4253 /* StateTemplate.text */ = {isa = PBXFileReference; fileEncoding = 4; lastKnownFileType = net.daringfireball.markdown; path = StateTemplate.text; sourceTree = "<group>"; };
/* End PBXFileReference section */

/* Begin PBXFrameworksBuildPhase section */
		770DC610280ED89500FCCCB7 /* Frameworks */ = {
			isa = PBXFrameworksBuildPhase;
			buildActionMask = 2147483647;
			files = (
				77261D5A281A14DC0044BB88 /* Files in Frameworks */,
				14155897283821DB0039181F /* SwiftSyntax in Frameworks */,
				1415589B283821DB0039181F /* SwiftSyntaxParser in Frameworks */,
				77261D5C281A14E40044BB88 /* Stencil in Frameworks */,
				1415589E283821F20039181F /* SwiftFormat in Frameworks */,
				77261D56281A14C80044BB88 /* ComposableArchitecture in Frameworks */,
				14155899283821DB0039181F /* SwiftSyntaxBuilder in Frameworks */,
				77261D58281A14D30044BB88 /* Yams in Frameworks */,
				141558A0283821F20039181F /* SwiftFormatConfiguration in Frameworks */,
				77261D44281A14020044BB88 /* ArgumentParser in Frameworks */,
			);
			runOnlyForDeploymentPostprocessing = 0;
		};
		77261BF2281989610044BB88 /* Frameworks */ = {
			isa = PBXFrameworksBuildPhase;
			buildActionMask = 2147483647;
			files = (
				77261C4E28198B5B0044BB88 /* Files in Frameworks */,
				77261C5028198B5E0044BB88 /* Stencil in Frameworks */,
				77261C4C28198B550044BB88 /* Yams in Frameworks */,
				141558A4283824290039181F /* SwiftFormat in Frameworks */,
				141558A8283824E80039181F /* SwiftFormatConfiguration in Frameworks */,
				77261C4A28198B4D0044BB88 /* ComposableArchitecture in Frameworks */,
			);
			runOnlyForDeploymentPostprocessing = 0;
		};
		77261BFB281989610044BB88 /* Frameworks */ = {
			isa = PBXFrameworksBuildPhase;
			buildActionMask = 2147483647;
			files = (
				77261BFF281989610044BB88 /* libfungen.framework in Frameworks */,
			);
			runOnlyForDeploymentPostprocessing = 0;
		};
/* End PBXFrameworksBuildPhase section */

/* Begin PBXGroup section */
		770DC60A280ED89500FCCCB7 = {
			isa = PBXGroup;
			children = (
				770DC615280ED89500FCCCB7 /* FundamentalsGenerator */,
				77261BF6281989610044BB88 /* libfungen */,
				77261C02281989610044BB88 /* libfungenTests */,
				770DC614280ED89500FCCCB7 /* Products */,
				776E023F28132E41004A4253 /* Frameworks */,
			);
			sourceTree = "<group>";
		};
		770DC614280ED89500FCCCB7 /* Products */ = {
			isa = PBXGroup;
			children = (
				770DC613280ED89500FCCCB7 /* fungen */,
				77261BF5281989610044BB88 /* libfungen.framework */,
				77261BFE281989610044BB88 /* libfungenTests.xctest */,
			);
			name = Products;
			sourceTree = "<group>";
		};
		770DC615280ED89500FCCCB7 /* FundamentalsGenerator */ = {
			isa = PBXGroup;
			children = (
				776E027228145C35004A4253 /* DefaultCommand.swift */,
				776E027428145C92004A4253 /* GenerateCommand.swift */,
				770DC616280ED89500FCCCB7 /* main.swift */,
			);
			path = FundamentalsGenerator;
			sourceTree = "<group>";
		};
		77261BF6281989610044BB88 /* libfungen */ = {
			isa = PBXGroup;
			children = (
				776E02BD2816B266004A4253 /* Templates */,
				77261C3828198AA50044BB88 /* src */,
				77261BF7281989610044BB88 /* libfungen.h */,
				77261BF8281989610044BB88 /* libfungen.docc */,
			);
			path = libfungen;
			sourceTree = "<group>";
		};
		77261C02281989610044BB88 /* libfungenTests */ = {
			isa = PBXGroup;
			children = (
				776E01DF2812EF7B004A4253 /* Examples */,
				77261C03281989610044BB88 /* libfungenTests.swift */,
			);
			path = libfungenTests;
			sourceTree = "<group>";
		};
		77261C3828198AA50044BB88 /* src */ = {
			isa = PBXGroup;
			children = (
				776E027728145DF8004A4253 /* Extensions */,
				77261D2B2819FF340044BB88 /* FungenModule */,
			);
			path = src;
			sourceTree = "<group>";
		};
		77261CE52819F18D0044BB88 /* output */ = {
			isa = PBXGroup;
			children = (
				77261CE62819F18D0044BB88 /* Registration */,
				77261CE92819F18D0044BB88 /* Course */,
				77261CED2819F18D0044BB88 /* App */,
				77261CF12819F18D0044BB88 /* User */,
				77261CF52819F18D0044BB88 /* Courses */,
				77261CF92819F18D0044BB88 /* Lesson */,
				77261CFC2819F18D0044BB88 /* Authentication */,
			);
			path = output;
			sourceTree = "<group>";
		};
		77261CE62819F18D0044BB88 /* Registration */ = {
			isa = PBXGroup;
			children = (
				77261CE72819F18D0044BB88 /* RegistrationState.swift.txt */,
				77261CE82819F18D0044BB88 /* RegistrationAction.swift.txt */,
			);
			path = Registration;
			sourceTree = "<group>";
		};
		77261CE92819F18D0044BB88 /* Course */ = {
			isa = PBXGroup;
			children = (
				77261CEA2819F18D0044BB88 /* CourseExtension.swift.txt */,
				77261CEB2819F18D0044BB88 /* CourseAction.swift.txt */,
				77261CEC2819F18D0044BB88 /* CourseState.swift.txt */,
			);
			path = Course;
			sourceTree = "<group>";
		};
		77261CED2819F18D0044BB88 /* App */ = {
			isa = PBXGroup;
			children = (
				77261CEE2819F18D0044BB88 /* AppState.swift.txt */,
				77261CEF2819F18D0044BB88 /* AppExtension.swift.txt */,
				77261CF02819F18D0044BB88 /* AppAction.swift.txt */,
			);
			path = App;
			sourceTree = "<group>";
		};
		77261CF12819F18D0044BB88 /* User */ = {
			isa = PBXGroup;
			children = (
				77261CF22819F18D0044BB88 /* UserAction.swift.txt */,
				77261CF32819F18D0044BB88 /* UserState.swift.txt */,
				77261CF42819F18D0044BB88 /* UserExtension.swift.txt */,
			);
			path = User;
			sourceTree = "<group>";
		};
		77261CF52819F18D0044BB88 /* Courses */ = {
			isa = PBXGroup;
			children = (
				77261CF62819F18D0044BB88 /* CoursesState.swift.txt */,
				77261CF72819F18D0044BB88 /* CoursesAction.swift.txt */,
				77261CF82819F18D0044BB88 /* CoursesExtension.swift.txt */,
			);
			path = Courses;
			sourceTree = "<group>";
		};
		77261CF92819F18D0044BB88 /* Lesson */ = {
			isa = PBXGroup;
			children = (
				77261CFA2819F18D0044BB88 /* LessonState.swift.txt */,
				77261CFB2819F18D0044BB88 /* LessonAction.swift.txt */,
			);
			path = Lesson;
			sourceTree = "<group>";
		};
		77261CFC2819F18D0044BB88 /* Authentication */ = {
			isa = PBXGroup;
			children = (
				77261CFD2819F18D0044BB88 /* AuthenticationState.swift.txt */,
				77261CFE2819F18D0044BB88 /* AuthenticationAction.swift.txt */,
			);
			path = Authentication;
			sourceTree = "<group>";
		};
		77261D2B2819FF340044BB88 /* FungenModule */ = {
			isa = PBXGroup;
			children = (
				776E02AC281488D7004A4253 /* Functions */,
				776E02AA28146D04004A4253 /* ModuleState.swift */,
				776E02B72814945B004A4253 /* StateDefinition.swift */,
				776E02B92814946B004A4253 /* ActionDefinition.swift */,
				776E02652813509D004A4253 /* FungenReducer.swift */,
				776E0267281350A4004A4253 /* FungenState.swift */,
				776E0269281350AA004A4253 /* FungenAction.swift */,
				776E026B281350B1004A4253 /* FungenEnvironment.swift */,
				776E02A628146B55004A4253 /* FungenError.swift */,
				776E02A828146CE8004A4253 /* FungenStateExtension.swift */,
			);
			path = FungenModule;
			sourceTree = "<group>";
		};
		776E01DF2812EF7B004A4253 /* Examples */ = {
			isa = PBXGroup;
			children = (
				77261CE52819F18D0044BB88 /* output */,
				77261CD82819F1850044BB88 /* app.yaml */,
				77261CDB2819F1850044BB88 /* authentication.yaml */,
				77261CDC2819F1850044BB88 /* course.yaml */,
				77261CDA2819F1850044BB88 /* courses.yaml */,
				77261CD72819F1840044BB88 /* lesson.yaml */,
				77261CD92819F1850044BB88 /* openapi.yaml */,
				77261CD62819F1840044BB88 /* registration.yaml */,
				77261CD52819F1840044BB88 /* user.yaml */,
			);
			path = Examples;
			sourceTree = "<group>";
		};
		776E023F28132E41004A4253 /* Frameworks */ = {
			isa = PBXGroup;
			children = (
			);
			name = Frameworks;
			sourceTree = "<group>";
		};
		776E027728145DF8004A4253 /* Extensions */ = {
			isa = PBXGroup;
			children = (
				776E01DB2812EE5A004A4253 /* Extensions.swift */,
			);
			path = Extensions;
			sourceTree = "<group>";
		};
		776E02AC281488D7004A4253 /* Functions */ = {
			isa = PBXGroup;
			children = (
				776E02AD281488E2004A4253 /* FileGeneration.swift */,
				776E02AF28148925004A4253 /* Rendering.swift */,
				776E02B1281489AD004A4253 /* DependencyResolution.swift */,
				776E02B3281489D2004A4253 /* FileLoading.swift */,
				776E02B5281491D4004A4253 /* FungenLogic.swift */,
			);
			path = Functions;
			sourceTree = "<group>";
		};
		776E02BD2816B266004A4253 /* Templates */ = {
			isa = PBXGroup;
			children = (
				776E01DD2812EE92004A4253 /* FunGenTemplates.swift */,
				776E02BE2816B273004A4253 /* ActionTemplate.text */,
				776E02BF2816B273004A4253 /* ExtensionTemplate.text */,
				776E02C02816B273004A4253 /* StateTemplate.text */,
			);
			path = Templates;
			sourceTree = "<group>";
		};
/* End PBXGroup section */

/* Begin PBXHeadersBuildPhase section */
		77261BF0281989610044BB88 /* Headers */ = {
			isa = PBXHeadersBuildPhase;
			buildActionMask = 2147483647;
			files = (
				77261C05281989610044BB88 /* libfungen.h in Headers */,
			);
			runOnlyForDeploymentPostprocessing = 0;
		};
/* End PBXHeadersBuildPhase section */

/* Begin PBXNativeTarget section */
		770DC612280ED89500FCCCB7 /* fungen */ = {
			isa = PBXNativeTarget;
			buildConfigurationList = 770DC61A280ED89500FCCCB7 /* Build configuration list for PBXNativeTarget "fungen" */;
			buildPhases = (
				770DC60F280ED89500FCCCB7 /* Sources */,
				770DC610280ED89500FCCCB7 /* Frameworks */,
				770DC611280ED89500FCCCB7 /* CopyFiles */,
			);
			buildRules = (
			);
			dependencies = (
			);
			name = fungen;
			packageProductDependencies = (
				77261D43281A14020044BB88 /* ArgumentParser */,
				77261D55281A14C80044BB88 /* ComposableArchitecture */,
				77261D57281A14D30044BB88 /* Yams */,
				77261D59281A14DC0044BB88 /* Files */,
				77261D5B281A14E40044BB88 /* Stencil */,
				14155896283821DB0039181F /* SwiftSyntax */,
				14155898283821DB0039181F /* SwiftSyntaxBuilder */,
				1415589A283821DB0039181F /* SwiftSyntaxParser */,
				1415589D283821F20039181F /* SwiftFormat */,
				1415589F283821F20039181F /* SwiftFormatConfiguration */,
			);
			productName = FundamentalsGenerator;
			productReference = 770DC613280ED89500FCCCB7 /* fungen */;
			productType = "com.apple.product-type.tool";
		};
		77261BF4281989610044BB88 /* libfungen */ = {
			isa = PBXNativeTarget;
			buildConfigurationList = 77261C0A281989610044BB88 /* Build configuration list for PBXNativeTarget "libfungen" */;
			buildPhases = (
				77261BF0281989610044BB88 /* Headers */,
				77261BF1281989610044BB88 /* Sources */,
				77261BF2281989610044BB88 /* Frameworks */,
				77261BF3281989610044BB88 /* Resources */,
			);
			buildRules = (
			);
			dependencies = (
			);
			name = libfungen;
			packageProductDependencies = (
				77261C4928198B4D0044BB88 /* ComposableArchitecture */,
				77261C4B28198B550044BB88 /* Yams */,
				77261C4D28198B5B0044BB88 /* Files */,
				77261C4F28198B5E0044BB88 /* Stencil */,
				141558A3283824290039181F /* SwiftFormat */,
				141558A7283824E80039181F /* SwiftFormatConfiguration */,
			);
			productName = libfungen;
			productReference = 77261BF5281989610044BB88 /* libfungen.framework */;
			productType = "com.apple.product-type.framework";
		};
		77261BFD281989610044BB88 /* libfungenTests */ = {
			isa = PBXNativeTarget;
			buildConfigurationList = 77261C0B281989610044BB88 /* Build configuration list for PBXNativeTarget "libfungenTests" */;
			buildPhases = (
				77261BFA281989610044BB88 /* Sources */,
				77261BFB281989610044BB88 /* Frameworks */,
				77261BFC281989610044BB88 /* Resources */,
			);
			buildRules = (
			);
			dependencies = (
				77261C01281989610044BB88 /* PBXTargetDependency */,
			);
			name = libfungenTests;
			productName = libfungenTests;
			productReference = 77261BFE281989610044BB88 /* libfungenTests.xctest */;
			productType = "com.apple.product-type.bundle.unit-test";
		};
/* End PBXNativeTarget section */

/* Begin PBXProject section */
		770DC60B280ED89500FCCCB7 /* Project object */ = {
			isa = PBXProject;
			attributes = {
				BuildIndependentTargetsInParallel = 1;
				LastSwiftUpdateCheck = 1330;
				LastUpgradeCheck = 1330;
				TargetAttributes = {
					770DC612280ED89500FCCCB7 = {
						CreatedOnToolsVersion = 13.3;
					};
					77261BF4281989610044BB88 = {
						CreatedOnToolsVersion = 13.3;
					};
					77261BFD281989610044BB88 = {
						CreatedOnToolsVersion = 13.3;
					};
				};
			};
			buildConfigurationList = 770DC60E280ED89500FCCCB7 /* Build configuration list for PBXProject "FundamentalsGenerator" */;
			compatibilityVersion = "Xcode 13.0";
			developmentRegion = en;
			hasScannedForEncodings = 0;
			knownRegions = (
				en,
				Base,
			);
			mainGroup = 770DC60A280ED89500FCCCB7;
			packageReferences = (
				770DC61D280ED8B000FCCCB7 /* XCRemoteSwiftPackageReference "Stencil" */,
				776E013F2811D7FF004A4253 /* XCRemoteSwiftPackageReference "Yams" */,
				776E014F2811E4A2004A4253 /* XCRemoteSwiftPackageReference "Files" */,
				776E026D281350DE004A4253 /* XCRemoteSwiftPackageReference "swift-composable-architecture" */,
				77261D3C281A13B40044BB88 /* XCRemoteSwiftPackageReference "swift-argument-parser" */,
				14155895283821DB0039181F /* XCRemoteSwiftPackageReference "swift-syntax" */,
				1415589C283821F20039181F /* XCRemoteSwiftPackageReference "swift-format" */,
			);
			productRefGroup = 770DC614280ED89500FCCCB7 /* Products */;
			projectDirPath = "";
			projectRoot = "";
			targets = (
				770DC612280ED89500FCCCB7 /* fungen */,
				77261BF4281989610044BB88 /* libfungen */,
				77261BFD281989610044BB88 /* libfungenTests */,
			);
		};
/* End PBXProject section */

/* Begin PBXResourcesBuildPhase section */
		77261BF3281989610044BB88 /* Resources */ = {
			isa = PBXResourcesBuildPhase;
			buildActionMask = 2147483647;
			files = (
				77261D34281A023F0044BB88 /* ExtensionTemplate.text in Resources */,
				77261D33281A023F0044BB88 /* ActionTemplate.text in Resources */,
				77261D32281A023F0044BB88 /* StateTemplate.text in Resources */,
			);
			runOnlyForDeploymentPostprocessing = 0;
		};
		77261BFC281989610044BB88 /* Resources */ = {
			isa = PBXResourcesBuildPhase;
			buildActionMask = 2147483647;
			files = (
				77261D242819FF0F0044BB88 /* CoursesState.swift.txt in Resources */,
				77261D202819FF040044BB88 /* CourseState.swift.txt in Resources */,
				77261D1B2819F5FC0044BB88 /* AppAction.swift.txt in Resources */,
				77261D112819F2860044BB88 /* app.yaml in Resources */,
				77261D272819FF130044BB88 /* LessonState.swift.txt in Resources */,
				77261D2A2819FF160044BB88 /* AuthenticationAction.swift.txt in Resources */,
				77261D262819FF0F0044BB88 /* CoursesAction.swift.txt in Resources */,
				77261D1C2819FF000044BB88 /* RegistrationAction.swift.txt in Resources */,
				77261D30281A023F0044BB88 /* ActionTemplate.text in Resources */,
				77261D142819F2920044BB88 /* user.yaml in Resources */,
				77261D172819F2920044BB88 /* registration.yaml in Resources */,
				77261D282819FF130044BB88 /* LessonAction.swift.txt in Resources */,
				77261D2F281A023F0044BB88 /* StateTemplate.text in Resources */,
				77261D292819FF160044BB88 /* AuthenticationState.swift.txt in Resources */,
				77261D152819F2920044BB88 /* openapi.yaml in Resources */,
				77261D1D2819FF000044BB88 /* RegistrationState.swift.txt in Resources */,
				77261D212819FF0A0044BB88 /* UserState.swift.txt in Resources */,
				77261D252819FF0F0044BB88 /* CoursesExtension.swift.txt in Resources */,
				77261D182819F2920044BB88 /* authentication.yaml in Resources */,
				77261D1F2819FF040044BB88 /* CourseAction.swift.txt in Resources */,
				77261D1E2819FF040044BB88 /* CourseExtension.swift.txt in Resources */,
				77261D132819F2920044BB88 /* lesson.yaml in Resources */,
				77261D232819FF0A0044BB88 /* UserAction.swift.txt in Resources */,
				77261D122819F2920044BB88 /* courses.yaml in Resources */,
				77261D1A2819F5FC0044BB88 /* AppExtension.swift.txt in Resources */,
				77261D162819F2920044BB88 /* course.yaml in Resources */,
				77261D31281A023F0044BB88 /* ExtensionTemplate.text in Resources */,
				77261D222819FF0A0044BB88 /* UserExtension.swift.txt in Resources */,
				77261D192819F5FC0044BB88 /* AppState.swift.txt in Resources */,
			);
			runOnlyForDeploymentPostprocessing = 0;
		};
/* End PBXResourcesBuildPhase section */

/* Begin PBXSourcesBuildPhase section */
		770DC60F280ED89500FCCCB7 /* Sources */ = {
			isa = PBXSourcesBuildPhase;
			buildActionMask = 2147483647;
			files = (
				77261D4E281A14620044BB88 /* StateDefinition.swift in Sources */,
				77261D4B281A14620044BB88 /* ActionDefinition.swift in Sources */,
				776E027328145C35004A4253 /* DefaultCommand.swift in Sources */,
				776E027528145C92004A4253 /* GenerateCommand.swift in Sources */,
				77261D4A281A14620044BB88 /* ModuleState.swift in Sources */,
				77261D46281A14620044BB88 /* FungenAction.swift in Sources */,
				77261D54281A146F0044BB88 /* FunGenTemplates.swift in Sources */,
				77261D4F281A14660044BB88 /* DependencyResolution.swift in Sources */,
				77261D49281A14620044BB88 /* FungenReducer.swift in Sources */,
				77261D53281A14660044BB88 /* Rendering.swift in Sources */,
				770DC617280ED89500FCCCB7 /* main.swift in Sources */,
				77261D47281A14620044BB88 /* FungenEnvironment.swift in Sources */,
				77261D50281A14660044BB88 /* FileGeneration.swift in Sources */,
				77261D45281A145D0044BB88 /* Extensions.swift in Sources */,
				77261D4C281A14620044BB88 /* FungenError.swift in Sources */,
				77261D51281A14660044BB88 /* FungenLogic.swift in Sources */,
				77261D4D281A14620044BB88 /* FungenStateExtension.swift in Sources */,
				77261D52281A14660044BB88 /* FileLoading.swift in Sources */,
				77261D48281A14620044BB88 /* FungenState.swift in Sources */,
			);
			runOnlyForDeploymentPostprocessing = 0;
		};
		77261BF1281989610044BB88 /* Sources */ = {
			isa = PBXSourcesBuildPhase;
			buildActionMask = 2147483647;
			files = (
				77261C3D28198ACF0044BB88 /* ActionDefinition.swift in Sources */,
				77261C4628198B240044BB88 /* FungenStateExtension.swift in Sources */,
				77261BF9281989610044BB88 /* libfungen.docc in Sources */,
				77261C3928198AAF0044BB88 /* FungenReducer.swift in Sources */,
				77261C3A28198ABC0044BB88 /* FungenState.swift in Sources */,
				77261C4328198AFF0044BB88 /* DependencyResolution.swift in Sources */,
				77261C3B28198AC50044BB88 /* ModuleState.swift in Sources */,
				77261C4428198B020044BB88 /* FileLoading.swift in Sources */,
				77261C4528198B0E0044BB88 /* FungenLogic.swift in Sources */,
				77261C4728198B2B0044BB88 /* FungenError.swift in Sources */,
				77261C4228198AF90044BB88 /* Rendering.swift in Sources */,
				77261C4128198AF50044BB88 /* FileGeneration.swift in Sources */,
				77261C3C28198ACB0044BB88 /* StateDefinition.swift in Sources */,
				77261D35281A05FB0044BB88 /* FunGenTemplates.swift in Sources */,
				77261C3F28198AE30044BB88 /* FungenAction.swift in Sources */,
				77261C4028198AEB0044BB88 /* FungenEnvironment.swift in Sources */,
				77261C3E28198ADA0044BB88 /* Extensions.swift in Sources */,
			);
			runOnlyForDeploymentPostprocessing = 0;
		};
		77261BFA281989610044BB88 /* Sources */ = {
			isa = PBXSourcesBuildPhase;
			buildActionMask = 2147483647;
			files = (
				77261D36281A05FC0044BB88 /* FunGenTemplates.swift in Sources */,
				77261C04281989610044BB88 /* libfungenTests.swift in Sources */,
			);
			runOnlyForDeploymentPostprocessing = 0;
		};
/* End PBXSourcesBuildPhase section */

/* Begin PBXTargetDependency section */
		77261C01281989610044BB88 /* PBXTargetDependency */ = {
			isa = PBXTargetDependency;
			target = 77261BF4281989610044BB88 /* libfungen */;
			targetProxy = 77261C00281989610044BB88 /* PBXContainerItemProxy */;
		};
/* End PBXTargetDependency section */

/* Begin XCBuildConfiguration section */
		770DC618280ED89500FCCCB7 /* Debug */ = {
			isa = XCBuildConfiguration;
			buildSettings = {
				ALWAYS_SEARCH_USER_PATHS = NO;
				CLANG_ANALYZER_NONNULL = YES;
				CLANG_ANALYZER_NUMBER_OBJECT_CONVERSION = YES_AGGRESSIVE;
				CLANG_CXX_LANGUAGE_STANDARD = "gnu++17";
				CLANG_ENABLE_MODULES = YES;
				CLANG_ENABLE_OBJC_ARC = YES;
				CLANG_ENABLE_OBJC_WEAK = YES;
				CLANG_WARN_BLOCK_CAPTURE_AUTORELEASING = YES;
				CLANG_WARN_BOOL_CONVERSION = YES;
				CLANG_WARN_COMMA = YES;
				CLANG_WARN_CONSTANT_CONVERSION = YES;
				CLANG_WARN_DEPRECATED_OBJC_IMPLEMENTATIONS = YES;
				CLANG_WARN_DIRECT_OBJC_ISA_USAGE = YES_ERROR;
				CLANG_WARN_DOCUMENTATION_COMMENTS = YES;
				CLANG_WARN_EMPTY_BODY = YES;
				CLANG_WARN_ENUM_CONVERSION = YES;
				CLANG_WARN_INFINITE_RECURSION = YES;
				CLANG_WARN_INT_CONVERSION = YES;
				CLANG_WARN_NON_LITERAL_NULL_CONVERSION = YES;
				CLANG_WARN_OBJC_IMPLICIT_RETAIN_SELF = YES;
				CLANG_WARN_OBJC_LITERAL_CONVERSION = YES;
				CLANG_WARN_OBJC_ROOT_CLASS = YES_ERROR;
				CLANG_WARN_QUOTED_INCLUDE_IN_FRAMEWORK_HEADER = YES;
				CLANG_WARN_RANGE_LOOP_ANALYSIS = YES;
				CLANG_WARN_STRICT_PROTOTYPES = YES;
				CLANG_WARN_SUSPICIOUS_MOVE = YES;
				CLANG_WARN_UNGUARDED_AVAILABILITY = YES_AGGRESSIVE;
				CLANG_WARN_UNREACHABLE_CODE = YES;
				CLANG_WARN__DUPLICATE_METHOD_MATCH = YES;
				COPY_PHASE_STRIP = NO;
				DEBUG_INFORMATION_FORMAT = dwarf;
				ENABLE_STRICT_OBJC_MSGSEND = YES;
				ENABLE_TESTABILITY = YES;
				GCC_C_LANGUAGE_STANDARD = gnu11;
				GCC_DYNAMIC_NO_PIC = NO;
				GCC_NO_COMMON_BLOCKS = YES;
				GCC_OPTIMIZATION_LEVEL = 0;
				GCC_PREPROCESSOR_DEFINITIONS = (
					"DEBUG=1",
					"$(inherited)",
				);
				GCC_WARN_64_TO_32_BIT_CONVERSION = YES;
				GCC_WARN_ABOUT_RETURN_TYPE = YES_ERROR;
				GCC_WARN_UNDECLARED_SELECTOR = YES;
				GCC_WARN_UNINITIALIZED_AUTOS = YES_AGGRESSIVE;
				GCC_WARN_UNUSED_FUNCTION = YES;
				GCC_WARN_UNUSED_VARIABLE = YES;
				MACOSX_DEPLOYMENT_TARGET = 12.3;
				MTL_ENABLE_DEBUG_INFO = INCLUDE_SOURCE;
				MTL_FAST_MATH = YES;
				ONLY_ACTIVE_ARCH = YES;
				SDKROOT = macosx;
				SWIFT_ACTIVE_COMPILATION_CONDITIONS = DEBUG;
				SWIFT_OPTIMIZATION_LEVEL = "-Onone";
			};
			name = Debug;
		};
		770DC619280ED89500FCCCB7 /* Release */ = {
			isa = XCBuildConfiguration;
			buildSettings = {
				ALWAYS_SEARCH_USER_PATHS = NO;
				CLANG_ANALYZER_NONNULL = YES;
				CLANG_ANALYZER_NUMBER_OBJECT_CONVERSION = YES_AGGRESSIVE;
				CLANG_CXX_LANGUAGE_STANDARD = "gnu++17";
				CLANG_ENABLE_MODULES = YES;
				CLANG_ENABLE_OBJC_ARC = YES;
				CLANG_ENABLE_OBJC_WEAK = YES;
				CLANG_WARN_BLOCK_CAPTURE_AUTORELEASING = YES;
				CLANG_WARN_BOOL_CONVERSION = YES;
				CLANG_WARN_COMMA = YES;
				CLANG_WARN_CONSTANT_CONVERSION = YES;
				CLANG_WARN_DEPRECATED_OBJC_IMPLEMENTATIONS = YES;
				CLANG_WARN_DIRECT_OBJC_ISA_USAGE = YES_ERROR;
				CLANG_WARN_DOCUMENTATION_COMMENTS = YES;
				CLANG_WARN_EMPTY_BODY = YES;
				CLANG_WARN_ENUM_CONVERSION = YES;
				CLANG_WARN_INFINITE_RECURSION = YES;
				CLANG_WARN_INT_CONVERSION = YES;
				CLANG_WARN_NON_LITERAL_NULL_CONVERSION = YES;
				CLANG_WARN_OBJC_IMPLICIT_RETAIN_SELF = YES;
				CLANG_WARN_OBJC_LITERAL_CONVERSION = YES;
				CLANG_WARN_OBJC_ROOT_CLASS = YES_ERROR;
				CLANG_WARN_QUOTED_INCLUDE_IN_FRAMEWORK_HEADER = YES;
				CLANG_WARN_RANGE_LOOP_ANALYSIS = YES;
				CLANG_WARN_STRICT_PROTOTYPES = YES;
				CLANG_WARN_SUSPICIOUS_MOVE = YES;
				CLANG_WARN_UNGUARDED_AVAILABILITY = YES_AGGRESSIVE;
				CLANG_WARN_UNREACHABLE_CODE = YES;
				CLANG_WARN__DUPLICATE_METHOD_MATCH = YES;
				COPY_PHASE_STRIP = NO;
				DEBUG_INFORMATION_FORMAT = "dwarf-with-dsym";
				ENABLE_NS_ASSERTIONS = NO;
				ENABLE_STRICT_OBJC_MSGSEND = YES;
				GCC_C_LANGUAGE_STANDARD = gnu11;
				GCC_NO_COMMON_BLOCKS = YES;
				GCC_WARN_64_TO_32_BIT_CONVERSION = YES;
				GCC_WARN_ABOUT_RETURN_TYPE = YES_ERROR;
				GCC_WARN_UNDECLARED_SELECTOR = YES;
				GCC_WARN_UNINITIALIZED_AUTOS = YES_AGGRESSIVE;
				GCC_WARN_UNUSED_FUNCTION = YES;
				GCC_WARN_UNUSED_VARIABLE = YES;
				MACOSX_DEPLOYMENT_TARGET = 12.3;
				MTL_ENABLE_DEBUG_INFO = NO;
				MTL_FAST_MATH = YES;
				SDKROOT = macosx;
				SWIFT_COMPILATION_MODE = wholemodule;
				SWIFT_OPTIMIZATION_LEVEL = "-O";
			};
			name = Release;
		};
		770DC61B280ED89500FCCCB7 /* Debug */ = {
			isa = XCBuildConfiguration;
			buildSettings = {
				CODE_SIGN_STYLE = Automatic;
				PRODUCT_NAME = "$(TARGET_NAME)";
				SWIFT_VERSION = 5.0;
			};
			name = Debug;
		};
		770DC61C280ED89500FCCCB7 /* Release */ = {
			isa = XCBuildConfiguration;
			buildSettings = {
				CODE_SIGN_STYLE = Automatic;
				PRODUCT_NAME = "$(TARGET_NAME)";
				SWIFT_VERSION = 5.0;
			};
			name = Release;
		};
		77261C06281989610044BB88 /* Debug */ = {
			isa = XCBuildConfiguration;
			buildSettings = {
				CODE_SIGN_STYLE = Automatic;
				COMBINE_HIDPI_IMAGES = YES;
				CURRENT_PROJECT_VERSION = 1;
				DEFINES_MODULE = YES;
				DYLIB_COMPATIBILITY_VERSION = 1;
				DYLIB_CURRENT_VERSION = 1;
				DYLIB_INSTALL_NAME_BASE = "@rpath";
				GENERATE_INFOPLIST_FILE = YES;
				INFOPLIST_KEY_NSHumanReadableCopyright = "";
				INSTALL_PATH = "$(LOCAL_LIBRARY_DIR)/Frameworks";
				LD_RUNPATH_SEARCH_PATHS = (
					"$(inherited)",
					"@executable_path/../Frameworks",
					"@loader_path/Frameworks",
				);
				MARKETING_VERSION = 1.0;
				PRODUCT_BUNDLE_IDENTIFIER = rocks.cihan.libfungen;
				PRODUCT_NAME = "$(TARGET_NAME:c99extidentifier)";
				SKIP_INSTALL = YES;
				SWIFT_EMIT_LOC_STRINGS = YES;
				SWIFT_VERSION = 5.0;
				VERSIONING_SYSTEM = "apple-generic";
				VERSION_INFO_PREFIX = "";
			};
			name = Debug;
		};
		77261C07281989610044BB88 /* Release */ = {
			isa = XCBuildConfiguration;
			buildSettings = {
				CODE_SIGN_STYLE = Automatic;
				COMBINE_HIDPI_IMAGES = YES;
				CURRENT_PROJECT_VERSION = 1;
				DEFINES_MODULE = YES;
				DYLIB_COMPATIBILITY_VERSION = 1;
				DYLIB_CURRENT_VERSION = 1;
				DYLIB_INSTALL_NAME_BASE = "@rpath";
				GENERATE_INFOPLIST_FILE = YES;
				INFOPLIST_KEY_NSHumanReadableCopyright = "";
				INSTALL_PATH = "$(LOCAL_LIBRARY_DIR)/Frameworks";
				LD_RUNPATH_SEARCH_PATHS = (
					"$(inherited)",
					"@executable_path/../Frameworks",
					"@loader_path/Frameworks",
				);
				MARKETING_VERSION = 1.0;
				PRODUCT_BUNDLE_IDENTIFIER = rocks.cihan.libfungen;
				PRODUCT_NAME = "$(TARGET_NAME:c99extidentifier)";
				SKIP_INSTALL = YES;
				SWIFT_EMIT_LOC_STRINGS = YES;
				SWIFT_VERSION = 5.0;
				VERSIONING_SYSTEM = "apple-generic";
				VERSION_INFO_PREFIX = "";
			};
			name = Release;
		};
		77261C08281989610044BB88 /* Debug */ = {
			isa = XCBuildConfiguration;
			buildSettings = {
				ALWAYS_EMBED_SWIFT_STANDARD_LIBRARIES = YES;
				CODE_SIGN_STYLE = Automatic;
				CURRENT_PROJECT_VERSION = 1;
				GENERATE_INFOPLIST_FILE = YES;
				MARKETING_VERSION = 1.0;
				PRODUCT_BUNDLE_IDENTIFIER = rocks.cihan.libfungenTests;
				PRODUCT_NAME = "$(TARGET_NAME)";
				SWIFT_EMIT_LOC_STRINGS = NO;
				SWIFT_VERSION = 5.0;
			};
			name = Debug;
		};
		77261C09281989610044BB88 /* Release */ = {
			isa = XCBuildConfiguration;
			buildSettings = {
				ALWAYS_EMBED_SWIFT_STANDARD_LIBRARIES = YES;
				CODE_SIGN_STYLE = Automatic;
				CURRENT_PROJECT_VERSION = 1;
				GENERATE_INFOPLIST_FILE = YES;
				MARKETING_VERSION = 1.0;
				PRODUCT_BUNDLE_IDENTIFIER = rocks.cihan.libfungenTests;
				PRODUCT_NAME = "$(TARGET_NAME)";
				SWIFT_EMIT_LOC_STRINGS = NO;
				SWIFT_VERSION = 5.0;
			};
			name = Release;
		};
/* End XCBuildConfiguration section */

/* Begin XCConfigurationList section */
		770DC60E280ED89500FCCCB7 /* Build configuration list for PBXProject "FundamentalsGenerator" */ = {
			isa = XCConfigurationList;
			buildConfigurations = (
				770DC618280ED89500FCCCB7 /* Debug */,
				770DC619280ED89500FCCCB7 /* Release */,
			);
			defaultConfigurationIsVisible = 0;
			defaultConfigurationName = Release;
		};
		770DC61A280ED89500FCCCB7 /* Build configuration list for PBXNativeTarget "fungen" */ = {
			isa = XCConfigurationList;
			buildConfigurations = (
				770DC61B280ED89500FCCCB7 /* Debug */,
				770DC61C280ED89500FCCCB7 /* Release */,
			);
			defaultConfigurationIsVisible = 0;
			defaultConfigurationName = Release;
		};
		77261C0A281989610044BB88 /* Build configuration list for PBXNativeTarget "libfungen" */ = {
			isa = XCConfigurationList;
			buildConfigurations = (
				77261C06281989610044BB88 /* Debug */,
				77261C07281989610044BB88 /* Release */,
			);
			defaultConfigurationIsVisible = 0;
			defaultConfigurationName = Release;
		};
		77261C0B281989610044BB88 /* Build configuration list for PBXNativeTarget "libfungenTests" */ = {
			isa = XCConfigurationList;
			buildConfigurations = (
				77261C08281989610044BB88 /* Debug */,
				77261C09281989610044BB88 /* Release */,
			);
			defaultConfigurationIsVisible = 0;
			defaultConfigurationName = Release;
		};
/* End XCConfigurationList section */

/* Begin XCRemoteSwiftPackageReference section */
		14155895283821DB0039181F /* XCRemoteSwiftPackageReference "swift-syntax" */ = {
			isa = XCRemoteSwiftPackageReference;
			repositoryURL = "https://github.com/apple/swift-syntax.git";
			requirement = {
				kind = upToNextMajorVersion;
				minimumVersion = 0.50600.1;
			};
		};
		1415589C283821F20039181F /* XCRemoteSwiftPackageReference "swift-format" */ = {
			isa = XCRemoteSwiftPackageReference;
			repositoryURL = "https://github.com/apple/swift-format.git";
			requirement = {
				kind = upToNextMajorVersion;
				minimumVersion = 0.50600.1;
			};
		};
		770DC61D280ED8B000FCCCB7 /* XCRemoteSwiftPackageReference "Stencil" */ = {
			isa = XCRemoteSwiftPackageReference;
			repositoryURL = "https://github.com/stencilproject/Stencil.git";
			requirement = {
				kind = upToNextMajorVersion;
				minimumVersion = 0.9.0;
			};
		};
		77261D3C281A13B40044BB88 /* XCRemoteSwiftPackageReference "swift-argument-parser" */ = {
			isa = XCRemoteSwiftPackageReference;
			repositoryURL = "https://github.com/apple/swift-argument-parser.git";
			requirement = {
				kind = upToNextMajorVersion;
				minimumVersion = 1.0.0;
			};
		};
		776E013F2811D7FF004A4253 /* XCRemoteSwiftPackageReference "Yams" */ = {
			isa = XCRemoteSwiftPackageReference;
			repositoryURL = "https://github.com/jpsim/Yams.git";
			requirement = {
				kind = upToNextMajorVersion;
				minimumVersion = 5.0.0;
			};
		};
		776E014F2811E4A2004A4253 /* XCRemoteSwiftPackageReference "Files" */ = {
			isa = XCRemoteSwiftPackageReference;
			repositoryURL = "https://github.com/JohnSundell/Files.git";
			requirement = {
				kind = upToNextMajorVersion;
				minimumVersion = 4.0.0;
			};
		};
		776E026D281350DE004A4253 /* XCRemoteSwiftPackageReference "swift-composable-architecture" */ = {
			isa = XCRemoteSwiftPackageReference;
			repositoryURL = "https://github.com/cihankisakurek/swift-composable-architecture.git";
			requirement = {
				branch = main;
				kind = branch;
			};
		};
/* End XCRemoteSwiftPackageReference section */

/* Begin XCSwiftPackageProductDependency section */
		14155896283821DB0039181F /* SwiftSyntax */ = {
			isa = XCSwiftPackageProductDependency;
			package = 14155895283821DB0039181F /* XCRemoteSwiftPackageReference "swift-syntax" */;
			productName = SwiftSyntax;
		};
		14155898283821DB0039181F /* SwiftSyntaxBuilder */ = {
			isa = XCSwiftPackageProductDependency;
			package = 14155895283821DB0039181F /* XCRemoteSwiftPackageReference "swift-syntax" */;
			productName = SwiftSyntaxBuilder;
		};
		1415589A283821DB0039181F /* SwiftSyntaxParser */ = {
			isa = XCSwiftPackageProductDependency;
			package = 14155895283821DB0039181F /* XCRemoteSwiftPackageReference "swift-syntax" */;
			productName = SwiftSyntaxParser;
		};
		1415589D283821F20039181F /* SwiftFormat */ = {
			isa = XCSwiftPackageProductDependency;
			package = 1415589C283821F20039181F /* XCRemoteSwiftPackageReference "swift-format" */;
			productName = SwiftFormat;
		};
		1415589F283821F20039181F /* SwiftFormatConfiguration */ = {
			isa = XCSwiftPackageProductDependency;
			package = 1415589C283821F20039181F /* XCRemoteSwiftPackageReference "swift-format" */;
			productName = SwiftFormatConfiguration;
		};
		141558A3283824290039181F /* SwiftFormat */ = {
			isa = XCSwiftPackageProductDependency;
			package = 1415589C283821F20039181F /* XCRemoteSwiftPackageReference "swift-format" */;
			productName = SwiftFormat;
		};
		141558A7283824E80039181F /* SwiftFormatConfiguration */ = {
			isa = XCSwiftPackageProductDependency;
			package = 1415589C283821F20039181F /* XCRemoteSwiftPackageReference "swift-format" */;
			productName = SwiftFormatConfiguration;
		};
		77261C4928198B4D0044BB88 /* ComposableArchitecture */ = {
			isa = XCSwiftPackageProductDependency;
			package = 776E026D281350DE004A4253 /* XCRemoteSwiftPackageReference "swift-composable-architecture" */;
			productName = ComposableArchitecture;
		};
		77261C4B28198B550044BB88 /* Yams */ = {
			isa = XCSwiftPackageProductDependency;
			package = 776E013F2811D7FF004A4253 /* XCRemoteSwiftPackageReference "Yams" */;
			productName = Yams;
		};
		77261C4D28198B5B0044BB88 /* Files */ = {
			isa = XCSwiftPackageProductDependency;
			package = 776E014F2811E4A2004A4253 /* XCRemoteSwiftPackageReference "Files" */;
			productName = Files;
		};
		77261C4F28198B5E0044BB88 /* Stencil */ = {
			isa = XCSwiftPackageProductDependency;
			package = 770DC61D280ED8B000FCCCB7 /* XCRemoteSwiftPackageReference "Stencil" */;
			productName = Stencil;
		};
		77261D43281A14020044BB88 /* ArgumentParser */ = {
			isa = XCSwiftPackageProductDependency;
			package = 77261D3C281A13B40044BB88 /* XCRemoteSwiftPackageReference "swift-argument-parser" */;
			productName = ArgumentParser;
		};
		77261D55281A14C80044BB88 /* ComposableArchitecture */ = {
			isa = XCSwiftPackageProductDependency;
			package = 776E026D281350DE004A4253 /* XCRemoteSwiftPackageReference "swift-composable-architecture" */;
			productName = ComposableArchitecture;
		};
		77261D57281A14D30044BB88 /* Yams */ = {
			isa = XCSwiftPackageProductDependency;
			package = 776E013F2811D7FF004A4253 /* XCRemoteSwiftPackageReference "Yams" */;
			productName = Yams;
		};
		77261D59281A14DC0044BB88 /* Files */ = {
			isa = XCSwiftPackageProductDependency;
			package = 776E014F2811E4A2004A4253 /* XCRemoteSwiftPackageReference "Files" */;
			productName = Files;
		};
		77261D5B281A14E40044BB88 /* Stencil */ = {
			isa = XCSwiftPackageProductDependency;
			package = 770DC61D280ED8B000FCCCB7 /* XCRemoteSwiftPackageReference "Stencil" */;
			productName = Stencil;
		};
/* End XCSwiftPackageProductDependency section */
	};
	rootObject = 770DC60B280ED89500FCCCB7 /* Project object */;
}
