// !$*UTF8*$!
{
	archiveVersion = 1;
	classes = {
	};
	objectVersion = 55;
	objects = {

/* Begin PBXBuildFile section */
		770DC617280ED89500FCCCB7 /* main.swift in Sources */ = {isa = PBXBuildFile; fileRef = 770DC616280ED89500FCCCB7 /* main.swift */; };
		770DC61F280ED8B000FCCCB7 /* Stencil in Frameworks */ = {isa = PBXBuildFile; productRef = 770DC61E280ED8B000FCCCB7 /* Stencil */; };
		776E01412811D7FF004A4253 /* Yams in Frameworks */ = {isa = PBXBuildFile; productRef = 776E01402811D7FF004A4253 /* Yams */; };
		776E01492811D8C3004A4253 /* ArgumentParser in Frameworks */ = {isa = PBXBuildFile; productRef = 776E01482811D8C3004A4253 /* ArgumentParser */; };
		776E014C2811DD38004A4253 /* AnyCodable in Frameworks */ = {isa = PBXBuildFile; productRef = 776E014B2811DD38004A4253 /* AnyCodable */; };
		776E01512811E4A2004A4253 /* Files in Frameworks */ = {isa = PBXBuildFile; productRef = 776E01502811E4A2004A4253 /* Files */; };
		776E01D62812EB02004A4253 /* FunGen.swift in Sources */ = {isa = PBXBuildFile; fileRef = 776E01D52812EB02004A4253 /* FunGen.swift */; };
		776E01D82812EDD4004A4253 /* FunGenOperations.swift in Sources */ = {isa = PBXBuildFile; fileRef = 776E01D72812EDD4004A4253 /* FunGenOperations.swift */; };
		776E01DA2812EE27004A4253 /* DataModel.swift in Sources */ = {isa = PBXBuildFile; fileRef = 776E01D92812EE27004A4253 /* DataModel.swift */; };
		776E01DC2812EE5A004A4253 /* Extensions.swift in Sources */ = {isa = PBXBuildFile; fileRef = 776E01DB2812EE5A004A4253 /* Extensions.swift */; };
		776E01DE2812EE92004A4253 /* FunGenTemplates.swift in Sources */ = {isa = PBXBuildFile; fileRef = 776E01DD2812EE92004A4253 /* FunGenTemplates.swift */; };
/* End PBXBuildFile section */

/* Begin PBXCopyFilesBuildPhase section */
		770DC611280ED89500FCCCB7 /* CopyFiles */ = {
			isa = PBXCopyFilesBuildPhase;
			buildActionMask = 2147483647;
			dstPath = /usr/share/man/man1/;
			dstSubfolderSpec = 0;
			files = (
			);
			runOnlyForDeploymentPostprocessing = 1;
		};
/* End PBXCopyFilesBuildPhase section */

/* Begin PBXFileReference section */
		770DC613280ED89500FCCCB7 /* FundamentalsGenerator */ = {isa = PBXFileReference; explicitFileType = "compiled.mach-o.executable"; includeInIndex = 0; path = FundamentalsGenerator; sourceTree = BUILT_PRODUCTS_DIR; };
		770DC616280ED89500FCCCB7 /* main.swift */ = {isa = PBXFileReference; lastKnownFileType = sourcecode.swift; path = main.swift; sourceTree = "<group>"; };
		776E01D52812EB02004A4253 /* FunGen.swift */ = {isa = PBXFileReference; lastKnownFileType = sourcecode.swift; path = FunGen.swift; sourceTree = "<group>"; };
		776E01D72812EDD4004A4253 /* FunGenOperations.swift */ = {isa = PBXFileReference; lastKnownFileType = sourcecode.swift; path = FunGenOperations.swift; sourceTree = "<group>"; };
		776E01D92812EE27004A4253 /* DataModel.swift */ = {isa = PBXFileReference; lastKnownFileType = sourcecode.swift; path = DataModel.swift; sourceTree = "<group>"; };
		776E01DB2812EE5A004A4253 /* Extensions.swift */ = {isa = PBXFileReference; lastKnownFileType = sourcecode.swift; path = Extensions.swift; sourceTree = "<group>"; };
		776E01DD2812EE92004A4253 /* FunGenTemplates.swift */ = {isa = PBXFileReference; lastKnownFileType = sourcecode.swift; path = FunGenTemplates.swift; sourceTree = "<group>"; };
		776E01E02812EF89004A4253 /* user.yaml */ = {isa = PBXFileReference; lastKnownFileType = text.yaml; path = user.yaml; sourceTree = "<group>"; };
		776E01E12812EF89004A4253 /* course.yaml */ = {isa = PBXFileReference; lastKnownFileType = text.yaml; path = course.yaml; sourceTree = "<group>"; };
		776E01E22812EF89004A4253 /* app.yaml */ = {isa = PBXFileReference; lastKnownFileType = text.yaml; path = app.yaml; sourceTree = "<group>"; };
		776E01E32812EF89004A4253 /* authentication.yaml */ = {isa = PBXFileReference; lastKnownFileType = text.yaml; path = authentication.yaml; sourceTree = "<group>"; };
		776E01E42812EF89004A4253 /* openapi.yaml */ = {isa = PBXFileReference; lastKnownFileType = text.yaml; path = openapi.yaml; sourceTree = "<group>"; };
		776E01E52812EF89004A4253 /* registration.yaml */ = {isa = PBXFileReference; lastKnownFileType = text.yaml; path = registration.yaml; sourceTree = "<group>"; };
		776E01E62812EF89004A4253 /* courses.yaml */ = {isa = PBXFileReference; lastKnownFileType = text.yaml; path = courses.yaml; sourceTree = "<group>"; };
		776E01E72812EF89004A4253 /* lesson.yaml */ = {isa = PBXFileReference; lastKnownFileType = text.yaml; path = lesson.yaml; sourceTree = "<group>"; };
/* End PBXFileReference section */

/* Begin PBXFrameworksBuildPhase section */
		770DC610280ED89500FCCCB7 /* Frameworks */ = {
			isa = PBXFrameworksBuildPhase;
			buildActionMask = 2147483647;
			files = (
				776E014C2811DD38004A4253 /* AnyCodable in Frameworks */,
				776E01492811D8C3004A4253 /* ArgumentParser in Frameworks */,
				776E01512811E4A2004A4253 /* Files in Frameworks */,
				776E01412811D7FF004A4253 /* Yams in Frameworks */,
				770DC61F280ED8B000FCCCB7 /* Stencil in Frameworks */,
			);
			runOnlyForDeploymentPostprocessing = 0;
		};
/* End PBXFrameworksBuildPhase section */

/* Begin PBXGroup section */
		770DC60A280ED89500FCCCB7 = {
			isa = PBXGroup;
			children = (
				770DC615280ED89500FCCCB7 /* FundamentalsGenerator */,
				770DC614280ED89500FCCCB7 /* Products */,
			);
			sourceTree = "<group>";
		};
		770DC614280ED89500FCCCB7 /* Products */ = {
			isa = PBXGroup;
			children = (
				770DC613280ED89500FCCCB7 /* FundamentalsGenerator */,
			);
			name = Products;
			sourceTree = "<group>";
		};
		770DC615280ED89500FCCCB7 /* FundamentalsGenerator */ = {
			isa = PBXGroup;
			children = (
				776E01DF2812EF7B004A4253 /* Examples */,
				770DC616280ED89500FCCCB7 /* main.swift */,
				776E01D52812EB02004A4253 /* FunGen.swift */,
				776E01D72812EDD4004A4253 /* FunGenOperations.swift */,
				776E01D92812EE27004A4253 /* DataModel.swift */,
				776E01DB2812EE5A004A4253 /* Extensions.swift */,
				776E01DD2812EE92004A4253 /* FunGenTemplates.swift */,
			);
			path = FundamentalsGenerator;
			sourceTree = "<group>";
		};
		776E01DF2812EF7B004A4253 /* Examples */ = {
			isa = PBXGroup;
			children = (
				776E01E22812EF89004A4253 /* app.yaml */,
				776E01E32812EF89004A4253 /* authentication.yaml */,
				776E01E12812EF89004A4253 /* course.yaml */,
				776E01E62812EF89004A4253 /* courses.yaml */,
				776E01E72812EF89004A4253 /* lesson.yaml */,
				776E01E42812EF89004A4253 /* openapi.yaml */,
				776E01E52812EF89004A4253 /* registration.yaml */,
				776E01E02812EF89004A4253 /* user.yaml */,
			);
			path = Examples;
			sourceTree = "<group>";
		};
/* End PBXGroup section */

/* Begin PBXNativeTarget section */
		770DC612280ED89500FCCCB7 /* FundamentalsGenerator */ = {
			isa = PBXNativeTarget;
			buildConfigurationList = 770DC61A280ED89500FCCCB7 /* Build configuration list for PBXNativeTarget "FundamentalsGenerator" */;
			buildPhases = (
				770DC60F280ED89500FCCCB7 /* Sources */,
				770DC610280ED89500FCCCB7 /* Frameworks */,
				770DC611280ED89500FCCCB7 /* CopyFiles */,
			);
			buildRules = (
			);
			dependencies = (
			);
			name = FundamentalsGenerator;
			packageProductDependencies = (
				770DC61E280ED8B000FCCCB7 /* Stencil */,
				776E01402811D7FF004A4253 /* Yams */,
				776E01482811D8C3004A4253 /* ArgumentParser */,
				776E014B2811DD38004A4253 /* AnyCodable */,
				776E01502811E4A2004A4253 /* Files */,
			);
			productName = FundamentalsGenerator;
			productReference = 770DC613280ED89500FCCCB7 /* FundamentalsGenerator */;
			productType = "com.apple.product-type.tool";
		};
/* End PBXNativeTarget section */

/* Begin PBXProject section */
		770DC60B280ED89500FCCCB7 /* Project object */ = {
			isa = PBXProject;
			attributes = {
				BuildIndependentTargetsInParallel = 1;
				LastSwiftUpdateCheck = 1330;
				LastUpgradeCheck = 1330;
				TargetAttributes = {
					770DC612280ED89500FCCCB7 = {
						CreatedOnToolsVersion = 13.3;
					};
				};
			};
			buildConfigurationList = 770DC60E280ED89500FCCCB7 /* Build configuration list for PBXProject "FundamentalsGenerator" */;
			compatibilityVersion = "Xcode 13.0";
			developmentRegion = en;
			hasScannedForEncodings = 0;
			knownRegions = (
				en,
				Base,
			);
			mainGroup = 770DC60A280ED89500FCCCB7;
			packageReferences = (
				770DC61D280ED8B000FCCCB7 /* XCRemoteSwiftPackageReference "Stencil" */,
				776E013F2811D7FF004A4253 /* XCRemoteSwiftPackageReference "Yams" */,
				776E01472811D8C3004A4253 /* XCRemoteSwiftPackageReference "swift-argument-parser" */,
				776E014A2811DD38004A4253 /* XCRemoteSwiftPackageReference "AnyCodable" */,
				776E014F2811E4A2004A4253 /* XCRemoteSwiftPackageReference "Files" */,
			);
			productRefGroup = 770DC614280ED89500FCCCB7 /* Products */;
			projectDirPath = "";
			projectRoot = "";
			targets = (
				770DC612280ED89500FCCCB7 /* FundamentalsGenerator */,
			);
		};
/* End PBXProject section */

/* Begin PBXSourcesBuildPhase section */
		770DC60F280ED89500FCCCB7 /* Sources */ = {
			isa = PBXSourcesBuildPhase;
			buildActionMask = 2147483647;
			files = (
				776E01DC2812EE5A004A4253 /* Extensions.swift in Sources */,
				776E01D62812EB02004A4253 /* FunGen.swift in Sources */,
				776E01DE2812EE92004A4253 /* FunGenTemplates.swift in Sources */,
				776E01DA2812EE27004A4253 /* DataModel.swift in Sources */,
				770DC617280ED89500FCCCB7 /* main.swift in Sources */,
				776E01D82812EDD4004A4253 /* FunGenOperations.swift in Sources */,
			);
			runOnlyForDeploymentPostprocessing = 0;
		};
/* End PBXSourcesBuildPhase section */

/* Begin XCBuildConfiguration section */
		770DC618280ED89500FCCCB7 /* Debug */ = {
			isa = XCBuildConfiguration;
			buildSettings = {
				ALWAYS_SEARCH_USER_PATHS = NO;
				CLANG_ANALYZER_NONNULL = YES;
				CLANG_ANALYZER_NUMBER_OBJECT_CONVERSION = YES_AGGRESSIVE;
				CLANG_CXX_LANGUAGE_STANDARD = "gnu++17";
				CLANG_ENABLE_MODULES = YES;
				CLANG_ENABLE_OBJC_ARC = YES;
				CLANG_ENABLE_OBJC_WEAK = YES;
				CLANG_WARN_BLOCK_CAPTURE_AUTORELEASING = YES;
				CLANG_WARN_BOOL_CONVERSION = YES;
				CLANG_WARN_COMMA = YES;
				CLANG_WARN_CONSTANT_CONVERSION = YES;
				CLANG_WARN_DEPRECATED_OBJC_IMPLEMENTATIONS = YES;
				CLANG_WARN_DIRECT_OBJC_ISA_USAGE = YES_ERROR;
				CLANG_WARN_DOCUMENTATION_COMMENTS = YES;
				CLANG_WARN_EMPTY_BODY = YES;
				CLANG_WARN_ENUM_CONVERSION = YES;
				CLANG_WARN_INFINITE_RECURSION = YES;
				CLANG_WARN_INT_CONVERSION = YES;
				CLANG_WARN_NON_LITERAL_NULL_CONVERSION = YES;
				CLANG_WARN_OBJC_IMPLICIT_RETAIN_SELF = YES;
				CLANG_WARN_OBJC_LITERAL_CONVERSION = YES;
				CLANG_WARN_OBJC_ROOT_CLASS = YES_ERROR;
				CLANG_WARN_QUOTED_INCLUDE_IN_FRAMEWORK_HEADER = YES;
				CLANG_WARN_RANGE_LOOP_ANALYSIS = YES;
				CLANG_WARN_STRICT_PROTOTYPES = YES;
				CLANG_WARN_SUSPICIOUS_MOVE = YES;
				CLANG_WARN_UNGUARDED_AVAILABILITY = YES_AGGRESSIVE;
				CLANG_WARN_UNREACHABLE_CODE = YES;
				CLANG_WARN__DUPLICATE_METHOD_MATCH = YES;
				COPY_PHASE_STRIP = NO;
				DEBUG_INFORMATION_FORMAT = dwarf;
				ENABLE_STRICT_OBJC_MSGSEND = YES;
				ENABLE_TESTABILITY = YES;
				GCC_C_LANGUAGE_STANDARD = gnu11;
				GCC_DYNAMIC_NO_PIC = NO;
				GCC_NO_COMMON_BLOCKS = YES;
				GCC_OPTIMIZATION_LEVEL = 0;
				GCC_PREPROCESSOR_DEFINITIONS = (
					"DEBUG=1",
					"$(inherited)",
				);
				GCC_WARN_64_TO_32_BIT_CONVERSION = YES;
				GCC_WARN_ABOUT_RETURN_TYPE = YES_ERROR;
				GCC_WARN_UNDECLARED_SELECTOR = YES;
				GCC_WARN_UNINITIALIZED_AUTOS = YES_AGGRESSIVE;
				GCC_WARN_UNUSED_FUNCTION = YES;
				GCC_WARN_UNUSED_VARIABLE = YES;
				MACOSX_DEPLOYMENT_TARGET = 12.3;
				MTL_ENABLE_DEBUG_INFO = INCLUDE_SOURCE;
				MTL_FAST_MATH = YES;
				ONLY_ACTIVE_ARCH = YES;
				SDKROOT = macosx;
				SWIFT_ACTIVE_COMPILATION_CONDITIONS = DEBUG;
				SWIFT_OPTIMIZATION_LEVEL = "-Onone";
			};
			name = Debug;
		};
		770DC619280ED89500FCCCB7 /* Release */ = {
			isa = XCBuildConfiguration;
			buildSettings = {
				ALWAYS_SEARCH_USER_PATHS = NO;
				CLANG_ANALYZER_NONNULL = YES;
				CLANG_ANALYZER_NUMBER_OBJECT_CONVERSION = YES_AGGRESSIVE;
				CLANG_CXX_LANGUAGE_STANDARD = "gnu++17";
				CLANG_ENABLE_MODULES = YES;
				CLANG_ENABLE_OBJC_ARC = YES;
				CLANG_ENABLE_OBJC_WEAK = YES;
				CLANG_WARN_BLOCK_CAPTURE_AUTORELEASING = YES;
				CLANG_WARN_BOOL_CONVERSION = YES;
				CLANG_WARN_COMMA = YES;
				CLANG_WARN_CONSTANT_CONVERSION = YES;
				CLANG_WARN_DEPRECATED_OBJC_IMPLEMENTATIONS = YES;
				CLANG_WARN_DIRECT_OBJC_ISA_USAGE = YES_ERROR;
				CLANG_WARN_DOCUMENTATION_COMMENTS = YES;
				CLANG_WARN_EMPTY_BODY = YES;
				CLANG_WARN_ENUM_CONVERSION = YES;
				CLANG_WARN_INFINITE_RECURSION = YES;
				CLANG_WARN_INT_CONVERSION = YES;
				CLANG_WARN_NON_LITERAL_NULL_CONVERSION = YES;
				CLANG_WARN_OBJC_IMPLICIT_RETAIN_SELF = YES;
				CLANG_WARN_OBJC_LITERAL_CONVERSION = YES;
				CLANG_WARN_OBJC_ROOT_CLASS = YES_ERROR;
				CLANG_WARN_QUOTED_INCLUDE_IN_FRAMEWORK_HEADER = YES;
				CLANG_WARN_RANGE_LOOP_ANALYSIS = YES;
				CLANG_WARN_STRICT_PROTOTYPES = YES;
				CLANG_WARN_SUSPICIOUS_MOVE = YES;
				CLANG_WARN_UNGUARDED_AVAILABILITY = YES_AGGRESSIVE;
				CLANG_WARN_UNREACHABLE_CODE = YES;
				CLANG_WARN__DUPLICATE_METHOD_MATCH = YES;
				COPY_PHASE_STRIP = NO;
				DEBUG_INFORMATION_FORMAT = "dwarf-with-dsym";
				ENABLE_NS_ASSERTIONS = NO;
				ENABLE_STRICT_OBJC_MSGSEND = YES;
				GCC_C_LANGUAGE_STANDARD = gnu11;
				GCC_NO_COMMON_BLOCKS = YES;
				GCC_WARN_64_TO_32_BIT_CONVERSION = YES;
				GCC_WARN_ABOUT_RETURN_TYPE = YES_ERROR;
				GCC_WARN_UNDECLARED_SELECTOR = YES;
				GCC_WARN_UNINITIALIZED_AUTOS = YES_AGGRESSIVE;
				GCC_WARN_UNUSED_FUNCTION = YES;
				GCC_WARN_UNUSED_VARIABLE = YES;
				MACOSX_DEPLOYMENT_TARGET = 12.3;
				MTL_ENABLE_DEBUG_INFO = NO;
				MTL_FAST_MATH = YES;
				SDKROOT = macosx;
				SWIFT_COMPILATION_MODE = wholemodule;
				SWIFT_OPTIMIZATION_LEVEL = "-O";
			};
			name = Release;
		};
		770DC61B280ED89500FCCCB7 /* Debug */ = {
			isa = XCBuildConfiguration;
			buildSettings = {
				CODE_SIGN_STYLE = Automatic;
				PRODUCT_NAME = "$(TARGET_NAME)";
				SWIFT_VERSION = 5.0;
			};
			name = Debug;
		};
		770DC61C280ED89500FCCCB7 /* Release */ = {
			isa = XCBuildConfiguration;
			buildSettings = {
				CODE_SIGN_STYLE = Automatic;
				PRODUCT_NAME = "$(TARGET_NAME)";
				SWIFT_VERSION = 5.0;
			};
			name = Release;
		};
/* End XCBuildConfiguration section */

/* Begin XCConfigurationList section */
		770DC60E280ED89500FCCCB7 /* Build configuration list for PBXProject "FundamentalsGenerator" */ = {
			isa = XCConfigurationList;
			buildConfigurations = (
				770DC618280ED89500FCCCB7 /* Debug */,
				770DC619280ED89500FCCCB7 /* Release */,
			);
			defaultConfigurationIsVisible = 0;
			defaultConfigurationName = Release;
		};
		770DC61A280ED89500FCCCB7 /* Build configuration list for PBXNativeTarget "FundamentalsGenerator" */ = {
			isa = XCConfigurationList;
			buildConfigurations = (
				770DC61B280ED89500FCCCB7 /* Debug */,
				770DC61C280ED89500FCCCB7 /* Release */,
			);
			defaultConfigurationIsVisible = 0;
			defaultConfigurationName = Release;
		};
/* End XCConfigurationList section */

/* Begin XCRemoteSwiftPackageReference section */
		770DC61D280ED8B000FCCCB7 /* XCRemoteSwiftPackageReference "Stencil" */ = {
			isa = XCRemoteSwiftPackageReference;
			repositoryURL = "https://github.com/stencilproject/Stencil.git";
			requirement = {
				kind = upToNextMajorVersion;
				minimumVersion = 0.9.0;
			};
		};
		776E013F2811D7FF004A4253 /* XCRemoteSwiftPackageReference "Yams" */ = {
			isa = XCRemoteSwiftPackageReference;
			repositoryURL = "https://github.com/jpsim/Yams.git";
			requirement = {
				kind = upToNextMajorVersion;
				minimumVersion = 5.0.0;
			};
		};
		776E01472811D8C3004A4253 /* XCRemoteSwiftPackageReference "swift-argument-parser" */ = {
			isa = XCRemoteSwiftPackageReference;
			repositoryURL = "https://github.com/apple/swift-argument-parser.git";
			requirement = {
				kind = upToNextMajorVersion;
				minimumVersion = 1.0.0;
			};
		};
		776E014A2811DD38004A4253 /* XCRemoteSwiftPackageReference "AnyCodable" */ = {
			isa = XCRemoteSwiftPackageReference;
			repositoryURL = "https://github.com/Flight-School/AnyCodable";
			requirement = {
				kind = upToNextMajorVersion;
				minimumVersion = 0.6.4;
			};
		};
		776E014F2811E4A2004A4253 /* XCRemoteSwiftPackageReference "Files" */ = {
			isa = XCRemoteSwiftPackageReference;
			repositoryURL = "https://github.com/JohnSundell/Files.git";
			requirement = {
				kind = upToNextMajorVersion;
				minimumVersion = 4.0.0;
			};
		};
/* End XCRemoteSwiftPackageReference section */

/* Begin XCSwiftPackageProductDependency section */
		770DC61E280ED8B000FCCCB7 /* Stencil */ = {
			isa = XCSwiftPackageProductDependency;
			package = 770DC61D280ED8B000FCCCB7 /* XCRemoteSwiftPackageReference "Stencil" */;
			productName = Stencil;
		};
		776E01402811D7FF004A4253 /* Yams */ = {
			isa = XCSwiftPackageProductDependency;
			package = 776E013F2811D7FF004A4253 /* XCRemoteSwiftPackageReference "Yams" */;
			productName = Yams;
		};
		776E01482811D8C3004A4253 /* ArgumentParser */ = {
			isa = XCSwiftPackageProductDependency;
			package = 776E01472811D8C3004A4253 /* XCRemoteSwiftPackageReference "swift-argument-parser" */;
			productName = ArgumentParser;
		};
		776E014B2811DD38004A4253 /* AnyCodable */ = {
			isa = XCSwiftPackageProductDependency;
			package = 776E014A2811DD38004A4253 /* XCRemoteSwiftPackageReference "AnyCodable" */;
			productName = AnyCodable;
		};
		776E01502811E4A2004A4253 /* Files */ = {
			isa = XCSwiftPackageProductDependency;
			package = 776E014F2811E4A2004A4253 /* XCRemoteSwiftPackageReference "Files" */;
			productName = Files;
		};
/* End XCSwiftPackageProductDependency section */
	};
	rootObject = 770DC60B280ED89500FCCCB7 /* Project object */;
}
